
Microsoft Visual Studio Solution File, Format Version 12.00
# Visual Studio Version 17
VisualStudioVersion = 17.2.32616.157
MinimumVisualStudioVersion = 10.0.40219.1
Project("{FAE04EC0-301F-11D3-BF4B-00C04F79EFBC}") = "FUTPlus", "FUTPlus\FUTPlus.csproj", "{F694C9DE-E17F-455B-873E-DE2BC94C1821}"
EndProject
Global
	GlobalSection(SolutionConfigurationPlatforms) = preSolution
		Debug|Any CPU = Debug|Any CPU
		Debug|x64 = Debug|x64
		Release|Any CPU = Release|Any CPU
		Release|x64 = Release|x64
	EndGlobalSection
	GlobalSection(ProjectConfigurationPlatforms) = postSolution
		{F694C9DE-E17F-455B-873E-DE2BC94C1821}.Debug|Any CPU.ActiveCfg = Debug|Any CPU
		{F694C9DE-E17F-455B-873E-DE2BC94C1821}.Debug|Any CPU.Build.0 = Debug|Any CPU
		{F694C9DE-E17F-455B-873E-DE2BC94C1821}.Debug|x64.ActiveCfg = Debug|x64
		{F694C9DE-E17F-455B-873E-DE2BC94C1821}.Debug|x64.Build.0 = Debug|x64
		{F694C9DE-E17F-455B-873E-DE2BC94C1821}.Release|Any CPU.ActiveCfg = Release|Any CPU
		{F694C9DE-E17F-455B-873E-DE2BC94C1821}.Release|Any CPU.Build.0 = Release|Any CPU
		{F694C9DE-E17F-455B-873E-DE2BC94C1821}.Release|x64.ActiveCfg = Release|x64
		{F694C9DE-E17F-455B-873E-DE2BC94C1821}.Release|x64.Build.0 = Release|x64
	EndGlobalSection
	GlobalSection(SolutionProperties) = preSolution
		HideSolutionNode = FALSE
	EndGlobalSection
	GlobalSection(ExtensibilityGlobals) = postSolution
		SolutionGuid = {A185D117-54C5-414F-A9FE-0E106B9CD8A9}
	EndGlobalSection
EndGlobal
